
Microsoft Visual Studio Solution File, Format Version 12.00
# Visual Studio Version 16
VisualStudioVersion = 16.0.28917.182
MinimumVisualStudioVersion = 10.0.40219.1
Project("{FAE04EC0-301F-11D3-BF4B-00C04F79EFBC}") = "VendingMachine", "VendingMachine\VendingMachine.csproj", "{7CD482C3-4661-405F-9944-B5BE66622138}"
EndProject
Project("{FAE04EC0-301F-11D3-BF4B-00C04F79EFBC}") = "VendingMachine.Data", "VendingMachine.Data\VendingMachine.Data.csproj", "{0270B27B-7127-49BD-8B46-1D058AE99EC7}"
EndProject
Project("{FAE04EC0-301F-11D3-BF4B-00C04F79EFBC}") = "VendingMachine.Services", "VendingMachine.Services\VendingMachine.Services.csproj", "{9E007C41-45CC-4DA3-AE51-0384B6F47216}"
EndProject
Global
	GlobalSection(SolutionConfigurationPlatforms) = preSolution
		Debug|Any CPU = Debug|Any CPU
		Release|Any CPU = Release|Any CPU
	EndGlobalSection
	GlobalSection(ProjectConfigurationPlatforms) = postSolution
		{7CD482C3-4661-405F-9944-B5BE66622138}.Debug|Any CPU.ActiveCfg = Debug|Any CPU
		{7CD482C3-4661-405F-9944-B5BE66622138}.Debug|Any CPU.Build.0 = Debug|Any CPU
		{7CD482C3-4661-405F-9944-B5BE66622138}.Release|Any CPU.ActiveCfg = Release|Any CPU
		{7CD482C3-4661-405F-9944-B5BE66622138}.Release|Any CPU.Build.0 = Release|Any CPU
		{0270B27B-7127-49BD-8B46-1D058AE99EC7}.Debug|Any CPU.ActiveCfg = Debug|Any CPU
		{0270B27B-7127-49BD-8B46-1D058AE99EC7}.Debug|Any CPU.Build.0 = Debug|Any CPU
		{0270B27B-7127-49BD-8B46-1D058AE99EC7}.Release|Any CPU.ActiveCfg = Release|Any CPU
		{0270B27B-7127-49BD-8B46-1D058AE99EC7}.Release|Any CPU.Build.0 = Release|Any CPU
		{9E007C41-45CC-4DA3-AE51-0384B6F47216}.Debug|Any CPU.ActiveCfg = Debug|Any CPU
		{9E007C41-45CC-4DA3-AE51-0384B6F47216}.Debug|Any CPU.Build.0 = Debug|Any CPU
		{9E007C41-45CC-4DA3-AE51-0384B6F47216}.Release|Any CPU.ActiveCfg = Release|Any CPU
		{9E007C41-45CC-4DA3-AE51-0384B6F47216}.Release|Any CPU.Build.0 = Release|Any CPU
	EndGlobalSection
	GlobalSection(SolutionProperties) = preSolution
		HideSolutionNode = FALSE
	EndGlobalSection
	GlobalSection(ExtensibilityGlobals) = postSolution
		SolutionGuid = {5287EB57-0DAF-4BDB-9D09-6EEF2AD58D63}
	EndGlobalSection
EndGlobal
